{
  "name": "github-tests-protractor",
  "version": "1.0.0",
  "lockfileVersion": 1,
  "requires": true,
  "dependencies": {
    "jasmine-fail-fast": {
      "version": "2.0.1",
      "resolved": "https://registry.npmjs.org/jasmine-fail-fast/-/jasmine-fail-fast-2.0.1.tgz",
      "integrity": "sha512-En8ONwvDQOV+jyiZEZvbvUSLWSdJFj9HiWjhLdGq/V/gxs4XyST730ooe928BbRxv4bfy05OpykKuoOU4aLC5w==",
      "requires": {
        "lodash": "^4.17.15"
      }
    },
    "lodash": {
      "version": "4.17.21",
      "resolved": "https://registry.npmjs.org/lodash/-/lodash-4.17.21.tgz",
      "integrity": "sha512-v2kDEe57lecTulaDIuNTPy3Ry4gLGJ6Z1O3vE1krgXZNrsQ+LFTGHVxVjcXPs17LhbZVGedAJv8XZ1tvj5FvSg=="
    },
    "protractor-fail-fast": {
      "version": "3.1.0",
      "resolved": "https://registry.npmjs.org/protractor-fail-fast/-/protractor-fail-fast-3.1.0.tgz",
      "integrity": "sha512-OjuIFmY7hm5R/Msmioyg3aBevySpmpIgtm2TGUvMEqTzviPk/Fqd1HYmMjIQ+NzFMzrK+93LJa4civDvw1+hEg==",
      "requires": {
        "jasmine-fail-fast": "~2.0.0"
      }
    }
  }
}
